// !$*UTF8*$!
{
	archiveVersion = 1;
	classes = {
	};
	objectVersion = 46;
	objects = {

/* Begin PBXBuildFile section */
		DA29D2B81D45FA1400F21726 /* AppDelegate.swift in Sources */ = {isa = PBXBuildFile; fileRef = DA29D2B71D45FA1400F21726 /* AppDelegate.swift */; };
		DA29D2BA1D45FA1400F21726 /* ViewController.swift in Sources */ = {isa = PBXBuildFile; fileRef = DA29D2B91D45FA1400F21726 /* ViewController.swift */; };
		DA29D2BD1D45FA1400F21726 /* Main.storyboard in Resources */ = {isa = PBXBuildFile; fileRef = DA29D2BB1D45FA1400F21726 /* Main.storyboard */; };
		DA29D2BF1D45FA1400F21726 /* Assets.xcassets in Resources */ = {isa = PBXBuildFile; fileRef = DA29D2BE1D45FA1400F21726 /* Assets.xcassets */; };
		DA29D2C21D45FA1400F21726 /* LaunchScreen.storyboard in Resources */ = {isa = PBXBuildFile; fileRef = DA29D2C01D45FA1400F21726 /* LaunchScreen.storyboard */; };
		DA29D2CA1D45FB3500F21726 /* BullsEye.html in Resources */ = {isa = PBXBuildFile; fileRef = DA29D2C91D45FB3500F21726 /* BullsEye.html */; };
		DA29D2CE1D45FB3E00F21726 /* Default-568h@2x.png in Resources */ = {isa = PBXBuildFile; fileRef = DA29D2CC1D45FB3E00F21726 /* Default-568h@2x.png */; };
		DA29D2CF1D45FB3E00F21726 /* Default@2x.png in Resources */ = {isa = PBXBuildFile; fileRef = DA29D2CD1D45FB3E00F21726 /* Default@2x.png */; };
		DAEED3741D473EF1002D0ACA /* AboutViewController.swift in Sources */ = {isa = PBXBuildFile; fileRef = DAEED3731D473EF1002D0ACA /* AboutViewController.swift */; };
/* End PBXBuildFile section */

/* Begin PBXFileReference section */
		DA29D2B41D45FA1300F21726 /* BullsEye.app */ = {isa = PBXFileReference; explicitFileType = wrapper.application; includeInIndex = 0; path = BullsEye.app; sourceTree = BUILT_PRODUCTS_DIR; };
		DA29D2B71D45FA1400F21726 /* AppDelegate.swift */ = {isa = PBXFileReference; lastKnownFileType = sourcecode.swift; path = AppDelegate.swift; sourceTree = "<group>"; };
		DA29D2B91D45FA1400F21726 /* ViewController.swift */ = {isa = PBXFileReference; lastKnownFileType = sourcecode.swift; path = ViewController.swift; sourceTree = "<group>"; };
		DA29D2BC1D45FA1400F21726 /* Base */ = {isa = PBXFileReference; lastKnownFileType = file.storyboard; name = Base; path = Base.lproj/Main.storyboard; sourceTree = "<group>"; };
		DA29D2BE1D45FA1400F21726 /* Assets.xcassets */ = {isa = PBXFileReference; lastKnownFileType = folder.assetcatalog; path = Assets.xcassets; sourceTree = "<group>"; };
		DA29D2C11D45FA1400F21726 /* Base */ = {isa = PBXFileReference; lastKnownFileType = file.storyboard; name = Base; path = Base.lproj/LaunchScreen.storyboard; sourceTree = "<group>"; };
		DA29D2C31D45FA1400F21726 /* Info.plist */ = {isa = PBXFileReference; lastKnownFileType = text.plist.xml; path = Info.plist; sourceTree = "<group>"; };
		DA29D2C91D45FB3500F21726 /* BullsEye.html */ = {isa = PBXFileReference; fileEncoding = 4; lastKnownFileType = text.html; path = BullsEye.html; sourceTree = "<group>"; };
		DA29D2CC1D45FB3E00F21726 /* Default-568h@2x.png */ = {isa = PBXFileReference; lastKnownFileType = image.png; path = "Default-568h@2x.png"; sourceTree = "<group>"; };
		DA29D2CD1D45FB3E00F21726 /* Default@2x.png */ = {isa = PBXFileReference; lastKnownFileType = image.png; path = "Default@2x.png"; sourceTree = "<group>"; };
		DAEED3731D473EF1002D0ACA /* AboutViewController.swift */ = {isa = PBXFileReference; fileEncoding = 4; lastKnownFileType = sourcecode.swift; path = AboutViewController.swift; sourceTree = "<group>"; };
/* End PBXFileReference section */

/* Begin PBXFrameworksBuildPhase section */
		DA29D2B11D45FA1300F21726 /* Frameworks */ = {
			isa = PBXFrameworksBuildPhase;
			buildActionMask = 2147483647;
			files = (
			);
			runOnlyForDeploymentPostprocessing = 0;
		};
/* End PBXFrameworksBuildPhase section */

/* Begin PBXGroup section */
		DA29D2AB1D45FA1300F21726 = {
			isa = PBXGroup;
			children = (
				DA29D2B61D45FA1400F21726 /* BullsEye */,
				DA29D2B51D45FA1400F21726 /* Products */,
			);
			sourceTree = "<group>";
		};
		DA29D2B51D45FA1400F21726 /* Products */ = {
			isa = PBXGroup;
			children = (
				DA29D2B41D45FA1300F21726 /* BullsEye.app */,
			);
			name = Products;
			sourceTree = "<group>";
		};
		DA29D2B61D45FA1400F21726 /* BullsEye */ = {
			isa = PBXGroup;
			children = (
				DA29D2CB1D45FB3E00F21726 /* Launch Images */,
				DA29D2C91D45FB3500F21726 /* BullsEye.html */,
				DA29D2B71D45FA1400F21726 /* AppDelegate.swift */,
				DA29D2B91D45FA1400F21726 /* ViewController.swift */,
				DAEED3731D473EF1002D0ACA /* AboutViewController.swift */,
				DA29D2BB1D45FA1400F21726 /* Main.storyboard */,
				DA29D2BE1D45FA1400F21726 /* Assets.xcassets */,
				DA29D2C01D45FA1400F21726 /* LaunchScreen.storyboard */,
				DA29D2C31D45FA1400F21726 /* Info.plist */,
			);
			path = BullsEye;
			sourceTree = "<group>";
		};
		DA29D2CB1D45FB3E00F21726 /* Launch Images */ = {
			isa = PBXGroup;
			children = (
				DA29D2CC1D45FB3E00F21726 /* Default-568h@2x.png */,
				DA29D2CD1D45FB3E00F21726 /* Default@2x.png */,
			);
			path = "Launch Images";
			sourceTree = "<group>";
		};
/* End PBXGroup section */

/* Begin PBXNativeTarget section */
		DA29D2B31D45FA1300F21726 /* BullsEye */ = {
			isa = PBXNativeTarget;
			buildConfigurationList = DA29D2C61D45FA1400F21726 /* Build configuration list for PBXNativeTarget "BullsEye" */;
			buildPhases = (
				DA29D2B01D45FA1300F21726 /* Sources */,
				DA29D2B11D45FA1300F21726 /* Frameworks */,
				DA29D2B21D45FA1300F21726 /* Resources */,
			);
			buildRules = (
			);
			dependencies = (
			);
			name = BullsEye;
			productName = BullsEye;
			productReference = DA29D2B41D45FA1300F21726 /* BullsEye.app */;
			productType = "com.apple.product-type.application";
		};
/* End PBXNativeTarget section */

/* Begin PBXProject section */
		DA29D2AC1D45FA1300F21726 /* Project object */ = {
			isa = PBXProject;
			attributes = {
				LastSwiftUpdateCheck = 0720;
				LastUpgradeCheck = 0720;
				ORGANIZATIONNAME = "王钧";
				TargetAttributes = {
					DA29D2B31D45FA1300F21726 = {
						CreatedOnToolsVersion = 7.2;
						DevelopmentTeam = 684VKU9G29;
					};
				};
			};
			buildConfigurationList = DA29D2AF1D45FA1300F21726 /* Build configuration list for PBXProject "BullsEye" */;
			compatibilityVersion = "Xcode 3.2";
			developmentRegion = English;
			hasScannedForEncodings = 0;
			knownRegions = (
				en,
				Base,
			);
			mainGroup = DA29D2AB1D45FA1300F21726;
			productRefGroup = DA29D2B51D45FA1400F21726 /* Products */;
			projectDirPath = "";
			projectRoot = "";
			targets = (
				DA29D2B31D45FA1300F21726 /* BullsEye */,
			);
		};
/* End PBXProject section */

/* Begin PBXResourcesBuildPhase section */
		DA29D2B21D45FA1300F21726 /* Resources */ = {
			isa = PBXResourcesBuildPhase;
			buildActionMask = 2147483647;
			files = (
				DA29D2CF1D45FB3E00F21726 /* Default@2x.png in Resources */,
				DA29D2C21D45FA1400F21726 /* LaunchScreen.storyboard in Resources */,
				DA29D2CA1D45FB3500F21726 /* BullsEye.html in Resources */,
				DA29D2BF1D45FA1400F21726 /* Assets.xcassets in Resources */,
				DA29D2CE1D45FB3E00F21726 /* Default-568h@2x.png in Resources */,
				DA29D2BD1D45FA1400F21726 /* Main.storyboard in Resources */,
			);
			runOnlyForDeploymentPostprocessing = 0;
		};
/* End PBXResourcesBuildPhase section */

/* Begin PBXSourcesBuildPhase section */
		DA29D2B01D45FA1300F21726 /* Sources */ = {
			isa = PBXSourcesBuildPhase;
			buildActionMask = 2147483647;
			files = (
				DAEED3741D473EF1002D0ACA /* AboutViewController.swift in Sources */,
				DA29D2BA1D45FA1400F21726 /* ViewController.swift in Sources */,
				DA29D2B81D45FA1400F21726 /* AppDelegate.swift in Sources */,
			);
			runOnlyForDeploymentPostprocessing = 0;
		};
/* End PBXSourcesBuildPhase section */

/* Begin PBXVariantGroup section */
		DA29D2BB1D45FA1400F21726 /* Main.storyboard */ = {
			isa = PBXVariantGroup;
			children = (
				DA29D2BC1D45FA1400F21726 /* Base */,
			);
			name = Main.storyboard;
			sourceTree = "<group>";
		};
		DA29D2C01D45FA1400F21726 /* LaunchScreen.storyboard */ = {
			isa = PBXVariantGroup;
			children = (
				DA29D2C11D45FA1400F21726 /* Base */,
			);
			name = LaunchScreen.storyboard;
			sourceTree = "<group>";
		};
/* End PBXVariantGroup section */

/* Begin XCBuildConfiguration section */
		DA29D2C41D45FA1400F21726 /* Debug */ = {
			isa = XCBuildConfiguration;
			buildSettings = {
				ALWAYS_SEARCH_USER_PATHS = NO;
				CLANG_CXX_LANGUAGE_STANDARD = "gnu++0x";
				CLANG_CXX_LIBRARY = "libc++";
				CLANG_ENABLE_MODULES = YES;
				CLANG_ENABLE_OBJC_ARC = YES;
				CLANG_WARN_BOOL_CONVERSION = YES;
				CLANG_WARN_CONSTANT_CONVERSION = YES;
				CLANG_WARN_DIRECT_OBJC_ISA_USAGE = YES_ERROR;
				CLANG_WARN_EMPTY_BODY = YES;
				CLANG_WARN_ENUM_CONVERSION = YES;
				CLANG_WARN_INT_CONVERSION = YES;
				CLANG_WARN_OBJC_ROOT_CLASS = YES_ERROR;
				CLANG_WARN_UNREACHABLE_CODE = YES;
				CLANG_WARN__DUPLICATE_METHOD_MATCH = YES;
				"CODE_SIGN_IDENTITY[sdk=iphoneos*]" = "iPhone Developer";
				COPY_PHASE_STRIP = NO;
				DEBUG_INFORMATION_FORMAT = dwarf;
				ENABLE_STRICT_OBJC_MSGSEND = YES;
				ENABLE_TESTABILITY = YES;
				GCC_C_LANGUAGE_STANDARD = gnu99;
				GCC_DYNAMIC_NO_PIC = NO;
				GCC_NO_COMMON_BLOCKS = YES;
				GCC_OPTIMIZATION_LEVEL = 0;
				GCC_PREPROCESSOR_DEFINITIONS = (
					"DEBUG=1",
					"$(inherited)",
				);
				GCC_WARN_64_TO_32_BIT_CONVERSION = YES;
				GCC_WARN_ABOUT_RETURN_TYPE = YES_ERROR;
				GCC_WARN_UNDECLARED_SELECTOR = YES;
				GCC_WARN_UNINITIALIZED_AUTOS = YES_AGGRESSIVE;
				GCC_WARN_UNUSED_FUNCTION = YES;
				GCC_WARN_UNUSED_VARIABLE = YES;
				IPHONEOS_DEPLOYMENT_TARGET = 9.2;
				MTL_ENABLE_DEBUG_INFO = YES;
				ONLY_ACTIVE_ARCH = YES;
				SDKROOT = iphoneos;
				SWIFT_OPTIMIZATION_LEVEL = "-Onone";
			};
			name = Debug;
		};
		DA29D2C51D45FA1400F21726 /* Release */ = {
			isa = XCBuildConfiguration;
			buildSettings = {
				ALWAYS_SEARCH_USER_PATHS = NO;
				CLANG_CXX_LANGUAGE_STANDARD = "gnu++0x";
				CLANG_CXX_LIBRARY = "libc++";
				CLANG_ENABLE_MODULES = YES;
				CLANG_ENABLE_OBJC_ARC = YES;
				CLANG_WARN_BOOL_CONVERSION = YES;
				CLANG_WARN_CONSTANT_CONVERSION = YES;
				CLANG_WARN_DIRECT_OBJC_ISA_USAGE = YES_ERROR;
				CLANG_WARN_EMPTY_BODY = YES;
				CLANG_WARN_ENUM_CONVERSION = YES;
				CLANG_WARN_INT_CONVERSION = YES;
				CLANG_WARN_OBJC_ROOT_CLASS = YES_ERROR;
				CLANG_WARN_UNREACHABLE_CODE = YES;
				CLANG_WARN__DUPLICATE_METHOD_MATCH = YES;
				"CODE_SIGN_IDENTITY[sdk=iphoneos*]" = "iPhone Developer";
				COPY_PHASE_STRIP = NO;
				DEBUG_INFORMATION_FORMAT = "dwarf-with-dsym";
				ENABLE_NS_ASSERTIONS = NO;
				ENABLE_STRICT_OBJC_MSGSEND = YES;
				GCC_C_LANGUAGE_STANDARD = gnu99;
				GCC_NO_COMMON_BLOCKS = YES;
				GCC_WARN_64_TO_32_BIT_CONVERSION = YES;
				GCC_WARN_ABOUT_RETURN_TYPE = YES_ERROR;
				GCC_WARN_UNDECLARED_SELECTOR = YES;
				GCC_WARN_UNINITIALIZED_AUTOS = YES_AGGRESSIVE;
				GCC_WARN_UNUSED_FUNCTION = YES;
				GCC_WARN_UNUSED_VARIABLE = YES;
				IPHONEOS_DEPLOYMENT_TARGET = 9.2;
				MTL_ENABLE_DEBUG_INFO = NO;
				SDKROOT = iphoneos;
				VALIDATE_PRODUCT = YES;
			};
			name = Release;
		};
		DA29D2C71D45FA1400F21726 /* Debug */ = {
			isa = XCBuildConfiguration;
			buildSettings = {
				ASSETCATALOG_COMPILER_APPICON_NAME = AppIcon;
				CODE_SIGN_IDENTITY = "iPhone Developer";
				INFOPLIST_FILE = BullsEye/Info.plist;
				LD_RUNPATH_SEARCH_PATHS = "$(inherited) @executable_path/Frameworks";
				PRODUCT_BUNDLE_IDENTIFIER = com.test.play.wj;
				PRODUCT_NAME = "$(TARGET_NAME)";
			};
			name = Debug;
		};
		DA29D2C81D45FA1400F21726 /* Release */ = {
			isa = XCBuildConfiguration;
			buildSettings = {
				ASSETCATALOG_COMPILER_APPICON_NAME = AppIcon;
				CODE_SIGN_IDENTITY = "iPhone Developer";
				INFOPLIST_FILE = BullsEye/Info.plist;
				LD_RUNPATH_SEARCH_PATHS = "$(inherited) @executable_path/Frameworks";
				PRODUCT_BUNDLE_IDENTIFIER = com.test.play.wj;
				PRODUCT_NAME = "$(TARGET_NAME)";
			};
			name = Release;
		};
/* End XCBuildConfiguration section */

/* Begin XCConfigurationList section */
		DA29D2AF1D45FA1300F21726 /* Build configuration list for PBXProject "BullsEye" */ = {
			isa = XCConfigurationList;
			buildConfigurations = (
				DA29D2C41D45FA1400F21726 /* Debug */,
				DA29D2C51D45FA1400F21726 /* Release */,
			);
			defaultConfigurationIsVisible = 0;
			defaultConfigurationName = Release;
		};
		DA29D2C61D45FA1400F21726 /* Build configuration list for PBXNativeTarget "BullsEye" */ = {
			isa = XCConfigurationList;
			buildConfigurations = (
				DA29D2C71D45FA1400F21726 /* Debug */,
				DA29D2C81D45FA1400F21726 /* Release */,
			);
			defaultConfigurationIsVisible = 0;
			defaultConfigurationName = Release;
		};
/* End XCConfigurationList section */
	};
	rootObject = DA29D2AC1D45FA1300F21726 /* Project object */;
}
